
Microsoft Visual Studio Solution File, Format Version 12.00
# Visual Studio 14
VisualStudioVersion = 14.0.23107.0
MinimumVisualStudioVersion = 10.0.40219.1
Project("{2150E333-8FDC-42A3-9474-1A3956D46DE8}") = "Web", "Web", "{22418261-FE1B-45B6-A9A1-06E5554F434F}"
EndProject
Project("{2150E333-8FDC-42A3-9474-1A3956D46DE8}") = "Data", "Data", "{AC969D58-1DB9-4A56-9168-206269D17855}"
EndProject
Project("{2150E333-8FDC-42A3-9474-1A3956D46DE8}") = "Utility", "Utility", "{F0292800-D51F-40DD-8FD8-CC9BB6F21AFD}"
EndProject
Project("{FAE04EC0-301F-11D3-BF4B-00C04F79EFBC}") = "1Fix.Manager", "1Fix.Manager\1Fix.Manager.csproj", "{791CC910-4726-4348-B2D5-A590AF1642A6}"
EndProject
Project("{FAE04EC0-301F-11D3-BF4B-00C04F79EFBC}") = "1Fix.BLL", "1Fix.BLL\1Fix.BLL.csproj", "{8ECE5D11-4E5D-4F1D-8975-8A200FBFF874}"
EndProject
Project("{FAE04EC0-301F-11D3-BF4B-00C04F79EFBC}") = "1Fix.Entity", "1Fix.Entity\1Fix.Entity.csproj", "{084F28DB-F247-4CC8-BF98-11DA60835BEA}"
EndProject
Project("{FAE04EC0-301F-11D3-BF4B-00C04F79EFBC}") = "1Fix.Utility", "1Fix.Utility\1Fix.Utility.csproj", "{B30ADEC6-DD2C-46DB-A5FF-39795D1FD659}"
EndProject
Project("{FAE04EC0-301F-11D3-BF4B-00C04F79EFBC}") = "1Fix.Common", "1Fix.Common\1Fix.Common.csproj", "{4D53D944-5B86-4888-B525-F7581695C8E4}"
EndProject
Project("{FAE04EC0-301F-11D3-BF4B-00C04F79EFBC}") = "1Fix.Shop", "1Fix.Shop\1Fix.Shop.csproj", "{5F661ED9-CC74-427C-87A3-C247AE34461E}"
EndProject
Project("{FAE04EC0-301F-11D3-BF4B-00C04F79EFBC}") = "1Fix.Shop.Wap", "1Fix.Shop.Wap\1Fix.Shop.Wap.csproj", "{C3E1051C-B9E3-424A-84F2-1411A8022DF5}"
EndProject
Global
	GlobalSection(SolutionConfigurationPlatforms) = preSolution
		Debug|Any CPU = Debug|Any CPU
		Release|Any CPU = Release|Any CPU
	EndGlobalSection
	GlobalSection(ProjectConfigurationPlatforms) = postSolution
		{791CC910-4726-4348-B2D5-A590AF1642A6}.Debug|Any CPU.ActiveCfg = Debug|Any CPU
		{791CC910-4726-4348-B2D5-A590AF1642A6}.Debug|Any CPU.Build.0 = Debug|Any CPU
		{791CC910-4726-4348-B2D5-A590AF1642A6}.Release|Any CPU.ActiveCfg = Release|Any CPU
		{791CC910-4726-4348-B2D5-A590AF1642A6}.Release|Any CPU.Build.0 = Release|Any CPU
		{8ECE5D11-4E5D-4F1D-8975-8A200FBFF874}.Debug|Any CPU.ActiveCfg = Debug|Any CPU
		{8ECE5D11-4E5D-4F1D-8975-8A200FBFF874}.Debug|Any CPU.Build.0 = Debug|Any CPU
		{8ECE5D11-4E5D-4F1D-8975-8A200FBFF874}.Release|Any CPU.ActiveCfg = Release|Any CPU
		{8ECE5D11-4E5D-4F1D-8975-8A200FBFF874}.Release|Any CPU.Build.0 = Release|Any CPU
		{084F28DB-F247-4CC8-BF98-11DA60835BEA}.Debug|Any CPU.ActiveCfg = Debug|Any CPU
		{084F28DB-F247-4CC8-BF98-11DA60835BEA}.Debug|Any CPU.Build.0 = Debug|Any CPU
		{084F28DB-F247-4CC8-BF98-11DA60835BEA}.Release|Any CPU.ActiveCfg = Release|Any CPU
		{084F28DB-F247-4CC8-BF98-11DA60835BEA}.Release|Any CPU.Build.0 = Release|Any CPU
		{B30ADEC6-DD2C-46DB-A5FF-39795D1FD659}.Debug|Any CPU.ActiveCfg = Debug|Any CPU
		{B30ADEC6-DD2C-46DB-A5FF-39795D1FD659}.Debug|Any CPU.Build.0 = Debug|Any CPU
		{B30ADEC6-DD2C-46DB-A5FF-39795D1FD659}.Release|Any CPU.ActiveCfg = Release|Any CPU
		{B30ADEC6-DD2C-46DB-A5FF-39795D1FD659}.Release|Any CPU.Build.0 = Release|Any CPU
		{4D53D944-5B86-4888-B525-F7581695C8E4}.Debug|Any CPU.ActiveCfg = Debug|Any CPU
		{4D53D944-5B86-4888-B525-F7581695C8E4}.Debug|Any CPU.Build.0 = Debug|Any CPU
		{4D53D944-5B86-4888-B525-F7581695C8E4}.Release|Any CPU.ActiveCfg = Release|Any CPU
		{4D53D944-5B86-4888-B525-F7581695C8E4}.Release|Any CPU.Build.0 = Release|Any CPU
		{5F661ED9-CC74-427C-87A3-C247AE34461E}.Debug|Any CPU.ActiveCfg = Debug|Any CPU
		{5F661ED9-CC74-427C-87A3-C247AE34461E}.Debug|Any CPU.Build.0 = Debug|Any CPU
		{5F661ED9-CC74-427C-87A3-C247AE34461E}.Release|Any CPU.ActiveCfg = Release|Any CPU
		{5F661ED9-CC74-427C-87A3-C247AE34461E}.Release|Any CPU.Build.0 = Release|Any CPU
		{C3E1051C-B9E3-424A-84F2-1411A8022DF5}.Debug|Any CPU.ActiveCfg = Debug|Any CPU
		{C3E1051C-B9E3-424A-84F2-1411A8022DF5}.Debug|Any CPU.Build.0 = Debug|Any CPU
		{C3E1051C-B9E3-424A-84F2-1411A8022DF5}.Release|Any CPU.ActiveCfg = Release|Any CPU
		{C3E1051C-B9E3-424A-84F2-1411A8022DF5}.Release|Any CPU.Build.0 = Release|Any CPU
	EndGlobalSection
	GlobalSection(SolutionProperties) = preSolution
		HideSolutionNode = FALSE
	EndGlobalSection
	GlobalSection(NestedProjects) = preSolution
		{791CC910-4726-4348-B2D5-A590AF1642A6} = {22418261-FE1B-45B6-A9A1-06E5554F434F}
		{8ECE5D11-4E5D-4F1D-8975-8A200FBFF874} = {AC969D58-1DB9-4A56-9168-206269D17855}
		{084F28DB-F247-4CC8-BF98-11DA60835BEA} = {AC969D58-1DB9-4A56-9168-206269D17855}
		{B30ADEC6-DD2C-46DB-A5FF-39795D1FD659} = {F0292800-D51F-40DD-8FD8-CC9BB6F21AFD}
		{4D53D944-5B86-4888-B525-F7581695C8E4} = {F0292800-D51F-40DD-8FD8-CC9BB6F21AFD}
		{5F661ED9-CC74-427C-87A3-C247AE34461E} = {22418261-FE1B-45B6-A9A1-06E5554F434F}
		{C3E1051C-B9E3-424A-84F2-1411A8022DF5} = {22418261-FE1B-45B6-A9A1-06E5554F434F}
	EndGlobalSection
EndGlobal
